
Microsoft Visual Studio Solution File, Format Version 11.00
# Visual Studio 2010
Project("{2150E333-8FDC-42A3-9474-1A3956D46DE8}") = "Solution Items", "Solution Items", "{A9F54590-FA26-4FA5-BA93-67E4BE045141}"
	ProjectSection(SolutionItems) = preProject
		blame.html = blame.html
		blob.html = blob.html
		commit.html = commit.html
		commitdiff.html = commitdiff.html
		heads.html = heads.html
		index.html = index.html
		log.html = log.html
		search-commit-byauthor.html = search-commit-byauthor.html
		search_help.html = search_help.html
		shortlog.html = shortlog.html
		subtree.html = subtree.html
		summary.html = summary.html
		tree.html = tree.html
	EndProjectSection
EndProject
Project("{2150E333-8FDC-42A3-9474-1A3956D46DE8}") = "static", "static", "{A609DBD0-A01F-48AB-A142-4EB50BAB98CF}"
EndProject
Project("{2150E333-8FDC-42A3-9474-1A3956D46DE8}") = "toucanize", "toucanize", "{2C0CA716-C93C-4F14-8D41-C5F7471305FE}"
	ProjectSection(SolutionItems) = preProject
		static\toucanize\bg.png = static\toucanize\bg.png
		static\toucanize\git-favicon.png = static\toucanize\git-favicon.png
		static\toucanize\git-logo.png = static\toucanize\git-logo.png
		static\toucanize\gitweb-toucanize.css = static\toucanize\gitweb-toucanize.css
		static\toucanize\reset.css = static\toucanize\reset.css
	EndProjectSection
EndProject
Global
	GlobalSection(SolutionProperties) = preSolution
		HideSolutionNode = FALSE
	EndGlobalSection
	GlobalSection(NestedProjects) = preSolution
		{A609DBD0-A01F-48AB-A142-4EB50BAB98CF} = {A9F54590-FA26-4FA5-BA93-67E4BE045141}
		{2C0CA716-C93C-4F14-8D41-C5F7471305FE} = {A609DBD0-A01F-48AB-A142-4EB50BAB98CF}
	EndGlobalSection
EndGlobal
